// !$*UTF8*$!
{
	archiveVersion = 1;
	classes = {
	};
	objectVersion = 77;
	objects = {

/* Begin PBXContainerItemProxy section */
		6BF60CFF2DF94E1C0034FC02 /* PBXContainerItemProxy */ = {
			isa = PBXContainerItemProxy;
			containerPortal = 6BF60CE92DF94E1A0034FC02 /* Project object */;
			proxyType = 1;
			remoteGlobalIDString = 6BF60CF02DF94E1B0034FC02;
			remoteInfo = CDSample;
		};
		6BF60D092DF94E1C0034FC02 /* PBXContainerItemProxy */ = {
			isa = PBXContainerItemProxy;
			containerPortal = 6BF60CE92DF94E1A0034FC02 /* Project object */;
			proxyType = 1;
			remoteGlobalIDString = 6BF60CF02DF94E1B0034FC02;
			remoteInfo = CDSample;
		};
/* End PBXContainerItemProxy section */

/* Begin PBXFileReference section */
		6BF60CF12DF94E1B0034FC02 /* CDSample.app */ = {isa = PBXFileReference; explicitFileType = wrapper.application; includeInIndex = 0; path = CDSample.app; sourceTree = BUILT_PRODUCTS_DIR; };
		6BF60CFE2DF94E1C0034FC02 /* CDSampleTests.xctest */ = {isa = PBXFileReference; explicitFileType = wrapper.cfbundle; includeInIndex = 0; path = CDSampleTests.xctest; sourceTree = BUILT_PRODUCTS_DIR; };
		6BF60D082DF94E1C0034FC02 /* CDSampleUITests.xctest */ = {isa = PBXFileReference; explicitFileType = wrapper.cfbundle; includeInIndex = 0; path = CDSampleUITests.xctest; sourceTree = BUILT_PRODUCTS_DIR; };
/* End PBXFileReference section */

/* Begin PBXFileSystemSynchronizedRootGroup section */
		6BF60CF32DF94E1B0034FC02 /* CDSample */ = {
			isa = PBXFileSystemSynchronizedRootGroup;
			path = CDSample;
			sourceTree = "<group>";
		};
		6BF60D012DF94E1C0034FC02 /* CDSampleTests */ = {
			isa = PBXFileSystemSynchronizedRootGroup;
			path = CDSampleTests;
			sourceTree = "<group>";
		};
		6BF60D0B2DF94E1C0034FC02 /* CDSampleUITests */ = {
			isa = PBXFileSystemSynchronizedRootGroup;
			path = CDSampleUITests;
			sourceTree = "<group>";
		};
/* End PBXFileSystemSynchronizedRootGroup section */

/* Begin PBXFrameworksBuildPhase section */
		6BF60CEE2DF94E1B0034FC02 /* Frameworks */ = {
			isa = PBXFrameworksBuildPhase;
			buildActionMask = 2147483647;
			files = (
			);
			runOnlyForDeploymentPostprocessing = 0;
		};
		6BF60CFB2DF94E1C0034FC02 /* Frameworks */ = {
			isa = PBXFrameworksBuildPhase;
			buildActionMask = 2147483647;
			files = (
			);
			runOnlyForDeploymentPostprocessing = 0;
		};
		6BF60D052DF94E1C0034FC02 /* Frameworks */ = {
			isa = PBXFrameworksBuildPhase;
			buildActionMask = 2147483647;
			files = (
			);
			runOnlyForDeploymentPostprocessing = 0;
		};
/* End PBXFrameworksBuildPhase section */

/* Begin PBXGroup section */
		6BF60CE82DF94E1A0034FC02 = {
			isa = PBXGroup;
			children = (
				6BF60CF32DF94E1B0034FC02 /* CDSample */,
				6BF60D012DF94E1C0034FC02 /* CDSampleTests */,
				6BF60D0B2DF94E1C0034FC02 /* CDSampleUITests */,
				6BF60CF22DF94E1B0034FC02 /* Products */,
			);
			sourceTree = "<group>";
		};
		6BF60CF22DF94E1B0034FC02 /* Products */ = {
			isa = PBXGroup;
			children = (
				6BF60CF12DF94E1B0034FC02 /* CDSample.app */,
				6BF60CFE2DF94E1C0034FC02 /* CDSampleTests.xctest */,
				6BF60D082DF94E1C0034FC02 /* CDSampleUITests.xctest */,
			);
			name = Products;
			sourceTree = "<group>";
		};
/* End PBXGroup section */

/* Begin PBXNativeTarget section */
		6BF60CF02DF94E1B0034FC02 /* CDSample */ = {
			isa = PBXNativeTarget;
			buildConfigurationList = 6BF60D122DF94E1C0034FC02 /* Build configuration list for PBXNativeTarget "CDSample" */;
			buildPhases = (
				6BF60CED2DF94E1B0034FC02 /* Sources */,
				6BF60CEE2DF94E1B0034FC02 /* Frameworks */,
				6BF60CEF2DF94E1B0034FC02 /* Resources */,
			);
			buildRules = (
			);
			dependencies = (
			);
			fileSystemSynchronizedGroups = (
				6BF60CF32DF94E1B0034FC02 /* CDSample */,
			);
			name = CDSample;
			packageProductDependencies = (
			);
			productName = CDSample;
			productReference = 6BF60CF12DF94E1B0034FC02 /* CDSample.app */;
			productType = "com.apple.product-type.application";
		};
		6BF60CFD2DF94E1C0034FC02 /* CDSampleTests */ = {
			isa = PBXNativeTarget;
			buildConfigurationList = 6BF60D152DF94E1C0034FC02 /* Build configuration list for PBXNativeTarget "CDSampleTests" */;
			buildPhases = (
				6BF60CFA2DF94E1C0034FC02 /* Sources */,
				6BF60CFB2DF94E1C0034FC02 /* Frameworks */,
				6BF60CFC2DF94E1C0034FC02 /* Resources */,
			);
			buildRules = (
			);
			dependencies = (
				6BF60D002DF94E1C0034FC02 /* PBXTargetDependency */,
			);
			fileSystemSynchronizedGroups = (
				6BF60D012DF94E1C0034FC02 /* CDSampleTests */,
			);
			name = CDSampleTests;
			packageProductDependencies = (
			);
			productName = CDSampleTests;
			productReference = 6BF60CFE2DF94E1C0034FC02 /* CDSampleTests.xctest */;
			productType = "com.apple.product-type.bundle.unit-test";
		};
		6BF60D072DF94E1C0034FC02 /* CDSampleUITests */ = {
			isa = PBXNativeTarget;
			buildConfigurationList = 6BF60D182DF94E1C0034FC02 /* Build configuration list for PBXNativeTarget "CDSampleUITests" */;
			buildPhases = (
				6BF60D042DF94E1C0034FC02 /* Sources */,
				6BF60D052DF94E1C0034FC02 /* Frameworks */,
				6BF60D062DF94E1C0034FC02 /* Resources */,
			);
			buildRules = (
			);
			dependencies = (
				6BF60D0A2DF94E1C0034FC02 /* PBXTargetDependency */,
			);
			fileSystemSynchronizedGroups = (
				6BF60D0B2DF94E1C0034FC02 /* CDSampleUITests */,
			);
			name = CDSampleUITests;
			packageProductDependencies = (
			);
			productName = CDSampleUITests;
			productReference = 6BF60D082DF94E1C0034FC02 /* CDSampleUITests.xctest */;
			productType = "com.apple.product-type.bundle.ui-testing";
		};
/* End PBXNativeTarget section */

/* Begin PBXProject section */
		6BF60CE92DF94E1A0034FC02 /* Project object */ = {
			isa = PBXProject;
			attributes = {
				BuildIndependentTargetsInParallel = 1;
				LastSwiftUpdateCheck = 1630;
				LastUpgradeCheck = 1630;
				TargetAttributes = {
					6BF60CF02DF94E1B0034FC02 = {
						CreatedOnToolsVersion = 16.3;
					};
					6BF60CFD2DF94E1C0034FC02 = {
						CreatedOnToolsVersion = 16.3;
						TestTargetID = 6BF60CF02DF94E1B0034FC02;
					};
					6BF60D072DF94E1C0034FC02 = {
						CreatedOnToolsVersion = 16.3;
						TestTargetID = 6BF60CF02DF94E1B0034FC02;
					};
				};
			};
			buildConfigurationList = 6BF60CEC2DF94E1A0034FC02 /* Build configuration list for PBXProject "CDSample" */;
			developmentRegion = en;
			hasScannedForEncodings = 0;
			knownRegions = (
				en,
				Base,
			);
			mainGroup = 6BF60CE82DF94E1A0034FC02;
			minimizedProjectReferenceProxies = 1;
			preferredProjectObjectVersion = 77;
			productRefGroup = 6BF60CF22DF94E1B0034FC02 /* Products */;
			projectDirPath = "";
			projectRoot = "";
			targets = (
				6BF60CF02DF94E1B0034FC02 /* CDSample */,
				6BF60CFD2DF94E1C0034FC02 /* CDSampleTests */,
				6BF60D072DF94E1C0034FC02 /* CDSampleUITests */,
			);
		};
/* End PBXProject section */

/* Begin PBXResourcesBuildPhase section */
		6BF60CEF2DF94E1B0034FC02 /* Resources */ = {
			isa = PBXResourcesBuildPhase;
			buildActionMask = 2147483647;
			files = (
			);
			runOnlyForDeploymentPostprocessing = 0;
		};
		6BF60CFC2DF94E1C0034FC02 /* Resources */ = {
			isa = PBXResourcesBuildPhase;
			buildActionMask = 2147483647;
			files = (
			);
			runOnlyForDeploymentPostprocessing = 0;
		};
		6BF60D062DF94E1C0034FC02 /* Resources */ = {
			isa = PBXResourcesBuildPhase;
			buildActionMask = 2147483647;
			files = (
			);
			runOnlyForDeploymentPostprocessing = 0;
		};
/* End PBXResourcesBuildPhase section */

/* Begin PBXSourcesBuildPhase section */
		6BF60CED2DF94E1B0034FC02 /* Sources */ = {
			isa = PBXSourcesBuildPhase;
			buildActionMask = 2147483647;
			files = (
			);
			runOnlyForDeploymentPostprocessing = 0;
		};
		6BF60CFA2DF94E1C0034FC02 /* Sources */ = {
			isa = PBXSourcesBuildPhase;
			buildActionMask = 2147483647;
			files = (
			);
			runOnlyForDeploymentPostprocessing = 0;
		};
		6BF60D042DF94E1C0034FC02 /* Sources */ = {
			isa = PBXSourcesBuildPhase;
			buildActionMask = 2147483647;
			files = (
			);
			runOnlyForDeploymentPostprocessing = 0;
		};
/* End PBXSourcesBuildPhase section */

/* Begin PBXTargetDependency section */
		6BF60D002DF94E1C0034FC02 /* PBXTargetDependency */ = {
			isa = PBXTargetDependency;
			target = 6BF60CF02DF94E1B0034FC02 /* CDSample */;
			targetProxy = 6BF60CFF2DF94E1C0034FC02 /* PBXContainerItemProxy */;
		};
		6BF60D0A2DF94E1C0034FC02 /* PBXTargetDependency */ = {
			isa = PBXTargetDependency;
			target = 6BF60CF02DF94E1B0034FC02 /* CDSample */;
			targetProxy = 6BF60D092DF94E1C0034FC02 /* PBXContainerItemProxy */;
		};
/* End PBXTargetDependency section */

/* Begin XCBuildConfiguration section */
		6BF60D102DF94E1C0034FC02 /* Debug */ = {
			isa = XCBuildConfiguration;
			buildSettings = {
				ALWAYS_SEARCH_USER_PATHS = NO;
				ASSETCATALOG_COMPILER_GENERATE_SWIFT_ASSET_SYMBOL_EXTENSIONS = YES;
				CLANG_ANALYZER_NONNULL = YES;
				CLANG_ANALYZER_NUMBER_OBJECT_CONVERSION = YES_AGGRESSIVE;
				CLANG_CXX_LANGUAGE_STANDARD = "gnu++20";
				CLANG_ENABLE_MODULES = YES;
				CLANG_ENABLE_OBJC_ARC = YES;
				CLANG_ENABLE_OBJC_WEAK = YES;
				CLANG_WARN_BLOCK_CAPTURE_AUTORELEASING = YES;
				CLANG_WARN_BOOL_CONVERSION = YES;
				CLANG_WARN_COMMA = YES;
				CLANG_WARN_CONSTANT_CONVERSION = YES;
				CLANG_WARN_DEPRECATED_OBJC_IMPLEMENTATIONS = YES;
				CLANG_WARN_DIRECT_OBJC_ISA_USAGE = YES_ERROR;
				CLANG_WARN_DOCUMENTATION_COMMENTS = YES;
				CLANG_WARN_EMPTY_BODY = YES;
				CLANG_WARN_ENUM_CONVERSION = YES;
				CLANG_WARN_INFINITE_RECURSION = YES;
				CLANG_WARN_INT_CONVERSION = YES;
				CLANG_WARN_NON_LITERAL_NULL_CONVERSION = YES;
				CLANG_WARN_OBJC_IMPLICIT_RETAIN_SELF = YES;
				CLANG_WARN_OBJC_LITERAL_CONVERSION = YES;
				CLANG_WARN_OBJC_ROOT_CLASS = YES_ERROR;
				CLANG_WARN_QUOTED_INCLUDE_IN_FRAMEWORK_HEADER = YES;
				CLANG_WARN_RANGE_LOOP_ANALYSIS = YES;
				CLANG_WARN_STRICT_PROTOTYPES = YES;
				CLANG_WARN_SUSPICIOUS_MOVE = YES;
				CLANG_WARN_UNGUARDED_AVAILABILITY = YES_AGGRESSIVE;
				CLANG_WARN_UNREACHABLE_CODE = YES;
				CLANG_WARN__DUPLICATE_METHOD_MATCH = YES;
				COPY_PHASE_STRIP = NO;
				DEBUG_INFORMATION_FORMAT = dwarf;
				ENABLE_STRICT_OBJC_MSGSEND = YES;
				ENABLE_TESTABILITY = YES;
				ENABLE_USER_SCRIPT_SANDBOXING = YES;
				GCC_C_LANGUAGE_STANDARD = gnu17;
				GCC_DYNAMIC_NO_PIC = NO;
				GCC_NO_COMMON_BLOCKS = YES;
				GCC_OPTIMIZATION_LEVEL = 0;
				GCC_PREPROCESSOR_DEFINITIONS = (
					"DEBUG=1",
					"$(inherited)",
				);
				GCC_WARN_64_TO_32_BIT_CONVERSION = YES;
				GCC_WARN_ABOUT_RETURN_TYPE = YES_ERROR;
				GCC_WARN_UNDECLARED_SELECTOR = YES;
				GCC_WARN_UNINITIALIZED_AUTOS = YES_AGGRESSIVE;
				GCC_WARN_UNUSED_FUNCTION = YES;
				GCC_WARN_UNUSED_VARIABLE = YES;
				IPHONEOS_DEPLOYMENT_TARGET = 18.4;
				LOCALIZATION_PREFERS_STRING_CATALOGS = YES;
				MTL_ENABLE_DEBUG_INFO = INCLUDE_SOURCE;
				MTL_FAST_MATH = YES;
				ONLY_ACTIVE_ARCH = YES;
				SDKROOT = iphoneos;
				SWIFT_ACTIVE_COMPILATION_CONDITIONS = "DEBUG $(inherited)";
				SWIFT_OPTIMIZATION_LEVEL = "-Onone";
			};
			name = Debug;
		};
		6BF60D112DF94E1C0034FC02 /* Release */ = {
			isa = XCBuildConfiguration;
			buildSettings = {
				ALWAYS_SEARCH_USER_PATHS = NO;
				ASSETCATALOG_COMPILER_GENERATE_SWIFT_ASSET_SYMBOL_EXTENSIONS = YES;
				CLANG_ANALYZER_NONNULL = YES;
				CLANG_ANALYZER_NUMBER_OBJECT_CONVERSION = YES_AGGRESSIVE;
				CLANG_CXX_LANGUAGE_STANDARD = "gnu++20";
				CLANG_ENABLE_MODULES = YES;
				CLANG_ENABLE_OBJC_ARC = YES;
				CLANG_ENABLE_OBJC_WEAK = YES;
				CLANG_WARN_BLOCK_CAPTURE_AUTORELEASING = YES;
				CLANG_WARN_BOOL_CONVERSION = YES;
				CLANG_WARN_COMMA = YES;
				CLANG_WARN_CONSTANT_CONVERSION = YES;
				CLANG_WARN_DEPRECATED_OBJC_IMPLEMENTATIONS = YES;
				CLANG_WARN_DIRECT_OBJC_ISA_USAGE = YES_ERROR;
				CLANG_WARN_DOCUMENTATION_COMMENTS = YES;
				CLANG_WARN_EMPTY_BODY = YES;
				CLANG_WARN_ENUM_CONVERSION = YES;
				CLANG_WARN_INFINITE_RECURSION = YES;
				CLANG_WARN_INT_CONVERSION = YES;
				CLANG_WARN_NON_LITERAL_NULL_CONVERSION = YES;
				CLANG_WARN_OBJC_IMPLICIT_RETAIN_SELF = YES;
				CLANG_WARN_OBJC_LITERAL_CONVERSION = YES;
				CLANG_WARN_OBJC_ROOT_CLASS = YES_ERROR;
				CLANG_WARN_QUOTED_INCLUDE_IN_FRAMEWORK_HEADER = YES;
				CLANG_WARN_RANGE_LOOP_ANALYSIS = YES;
				CLANG_WARN_STRICT_PROTOTYPES = YES;
				CLANG_WARN_SUSPICIOUS_MOVE = YES;
				CLANG_WARN_UNGUARDED_AVAILABILITY = YES_AGGRESSIVE;
				CLANG_WARN_UNREACHABLE_CODE = YES;
				CLANG_WARN__DUPLICATE_METHOD_MATCH = YES;
				COPY_PHASE_STRIP = NO;
				DEBUG_INFORMATION_FORMAT = "dwarf-with-dsym";
				ENABLE_NS_ASSERTIONS = NO;
				ENABLE_STRICT_OBJC_MSGSEND = YES;
				ENABLE_USER_SCRIPT_SANDBOXING = YES;
				GCC_C_LANGUAGE_STANDARD = gnu17;
				GCC_NO_COMMON_BLOCKS = YES;
				GCC_WARN_64_TO_32_BIT_CONVERSION = YES;
				GCC_WARN_ABOUT_RETURN_TYPE = YES_ERROR;
				GCC_WARN_UNDECLARED_SELECTOR = YES;
				GCC_WARN_UNINITIALIZED_AUTOS = YES_AGGRESSIVE;
				GCC_WARN_UNUSED_FUNCTION = YES;
				GCC_WARN_UNUSED_VARIABLE = YES;
				IPHONEOS_DEPLOYMENT_TARGET = 18.4;
				LOCALIZATION_PREFERS_STRING_CATALOGS = YES;
				MTL_ENABLE_DEBUG_INFO = NO;
				MTL_FAST_MATH = YES;
				SDKROOT = iphoneos;
				SWIFT_COMPILATION_MODE = wholemodule;
				VALIDATE_PRODUCT = YES;
			};
			name = Release;
		};
		6BF60D132DF94E1C0034FC02 /* Debug */ = {
			isa = XCBuildConfiguration;
			buildSettings = {
				ASSETCATALOG_COMPILER_APPICON_NAME = AppIcon;
				ASSETCATALOG_COMPILER_GLOBAL_ACCENT_COLOR_NAME = AccentColor;
				CODE_SIGN_STYLE = Automatic;
				CURRENT_PROJECT_VERSION = 1;
				ENABLE_PREVIEWS = YES;
				GENERATE_INFOPLIST_FILE = YES;
				INFOPLIST_KEY_UIApplicationSceneManifest_Generation = YES;
				INFOPLIST_KEY_UIApplicationSupportsIndirectInputEvents = YES;
				INFOPLIST_KEY_UILaunchScreen_Generation = YES;
				INFOPLIST_KEY_UISupportedInterfaceOrientations_iPad = "UIInterfaceOrientationPortrait UIInterfaceOrientationPortraitUpsideDown UIInterfaceOrientationLandscapeLeft UIInterfaceOrientationLandscapeRight";
				INFOPLIST_KEY_UISupportedInterfaceOrientations_iPhone = "UIInterfaceOrientationPortrait UIInterfaceOrientationLandscapeLeft UIInterfaceOrientationLandscapeRight";
				LD_RUNPATH_SEARCH_PATHS = (
					"$(inherited)",
					"@executable_path/Frameworks",
				);
				MARKETING_VERSION = 1.0;
				PRODUCT_BUNDLE_IDENTIFIER = EmailTextEditorSample.CDSample;
				PRODUCT_NAME = "$(TARGET_NAME)";
				SWIFT_EMIT_LOC_STRINGS = YES;
				SWIFT_VERSION = 5.0;
				TARGETED_DEVICE_FAMILY = "1,2";
			};
			name = Debug;
		};
		6BF60D142DF94E1C0034FC02 /* Release */ = {
			isa = XCBuildConfiguration;
			buildSettings = {
				ASSETCATALOG_COMPILER_APPICON_NAME = AppIcon;
				ASSETCATALOG_COMPILER_GLOBAL_ACCENT_COLOR_NAME = AccentColor;
				CODE_SIGN_STYLE = Automatic;
				CURRENT_PROJECT_VERSION = 1;
				ENABLE_PREVIEWS = YES;
				GENERATE_INFOPLIST_FILE = YES;
				INFOPLIST_KEY_UIApplicationSceneManifest_Generation = YES;
				INFOPLIST_KEY_UIApplicationSupportsIndirectInputEvents = YES;
				INFOPLIST_KEY_UILaunchScreen_Generation = YES;
				INFOPLIST_KEY_UISupportedInterfaceOrientations_iPad = "UIInterfaceOrientationPortrait UIInterfaceOrientationPortraitUpsideDown UIInterfaceOrientationLandscapeLeft UIInterfaceOrientationLandscapeRight";
				INFOPLIST_KEY_UISupportedInterfaceOrientations_iPhone = "UIInterfaceOrientationPortrait UIInterfaceOrientationLandscapeLeft UIInterfaceOrientationLandscapeRight";
				LD_RUNPATH_SEARCH_PATHS = (
					"$(inherited)",
					"@executable_path/Frameworks",
				);
				MARKETING_VERSION = 1.0;
				PRODUCT_BUNDLE_IDENTIFIER = EmailTextEditorSample.CDSample;
				PRODUCT_NAME = "$(TARGET_NAME)";
				SWIFT_EMIT_LOC_STRINGS = YES;
				SWIFT_VERSION = 5.0;
				TARGETED_DEVICE_FAMILY = "1,2";
			};
			name = Release;
		};
		6BF60D162DF94E1C0034FC02 /* Debug */ = {
			isa = XCBuildConfiguration;
			buildSettings = {
				BUNDLE_LOADER = "$(TEST_HOST)";
				CODE_SIGN_STYLE = Automatic;
				CURRENT_PROJECT_VERSION = 1;
				GENERATE_INFOPLIST_FILE = YES;
				IPHONEOS_DEPLOYMENT_TARGET = 18.4;
				MARKETING_VERSION = 1.0;
				PRODUCT_BUNDLE_IDENTIFIER = EmailTextEditorSample.CDSampleTests;
				PRODUCT_NAME = "$(TARGET_NAME)";
				SWIFT_EMIT_LOC_STRINGS = NO;
				SWIFT_VERSION = 5.0;
				TARGETED_DEVICE_FAMILY = "1,2";
				TEST_HOST = "$(BUILT_PRODUCTS_DIR)/CDSample.app/$(BUNDLE_EXECUTABLE_FOLDER_PATH)/CDSample";
			};
			name = Debug;
		};
		6BF60D172DF94E1C0034FC02 /* Release */ = {
			isa = XCBuildConfiguration;
			buildSettings = {
				BUNDLE_LOADER = "$(TEST_HOST)";
				CODE_SIGN_STYLE = Automatic;
				CURRENT_PROJECT_VERSION = 1;
				GENERATE_INFOPLIST_FILE = YES;
				IPHONEOS_DEPLOYMENT_TARGET = 18.4;
				MARKETING_VERSION = 1.0;
				PRODUCT_BUNDLE_IDENTIFIER = EmailTextEditorSample.CDSampleTests;
				PRODUCT_NAME = "$(TARGET_NAME)";
				SWIFT_EMIT_LOC_STRINGS = NO;
				SWIFT_VERSION = 5.0;
				TARGETED_DEVICE_FAMILY = "1,2";
				TEST_HOST = "$(BUILT_PRODUCTS_DIR)/CDSample.app/$(BUNDLE_EXECUTABLE_FOLDER_PATH)/CDSample";
			};
			name = Release;
		};
		6BF60D192DF94E1C0034FC02 /* Debug */ = {
			isa = XCBuildConfiguration;
			buildSettings = {
				CODE_SIGN_STYLE = Automatic;
				CURRENT_PROJECT_VERSION = 1;
				GENERATE_INFOPLIST_FILE = YES;
				MARKETING_VERSION = 1.0;
				PRODUCT_BUNDLE_IDENTIFIER = EmailTextEditorSample.CDSampleUITests;
				PRODUCT_NAME = "$(TARGET_NAME)";
				SWIFT_EMIT_LOC_STRINGS = NO;
				SWIFT_VERSION = 5.0;
				TARGETED_DEVICE_FAMILY = "1,2";
				TEST_TARGET_NAME = CDSample;
			};
			name = Debug;
		};
		6BF60D1A2DF94E1C0034FC02 /* Release */ = {
			isa = XCBuildConfiguration;
			buildSettings = {
				CODE_SIGN_STYLE = Automatic;
				CURRENT_PROJECT_VERSION = 1;
				GENERATE_INFOPLIST_FILE = YES;
				MARKETING_VERSION = 1.0;
				PRODUCT_BUNDLE_IDENTIFIER = EmailTextEditorSample.CDSampleUITests;
				PRODUCT_NAME = "$(TARGET_NAME)";
				SWIFT_EMIT_LOC_STRINGS = NO;
				SWIFT_VERSION = 5.0;
				TARGETED_DEVICE_FAMILY = "1,2";
				TEST_TARGET_NAME = CDSample;
			};
			name = Release;
		};
/* End XCBuildConfiguration section */

/* Begin XCConfigurationList section */
		6BF60CEC2DF94E1A0034FC02 /* Build configuration list for PBXProject "CDSample" */ = {
			isa = XCConfigurationList;
			buildConfigurations = (
				6BF60D102DF94E1C0034FC02 /* Debug */,
				6BF60D112DF94E1C0034FC02 /* Release */,
			);
			defaultConfigurationIsVisible = 0;
			defaultConfigurationName = Release;
		};
		6BF60D122DF94E1C0034FC02 /* Build configuration list for PBXNativeTarget "CDSample" */ = {
			isa = XCConfigurationList;
			buildConfigurations = (
				6BF60D132DF94E1C0034FC02 /* Debug */,
				6BF60D142DF94E1C0034FC02 /* Release */,
			);
			defaultConfigurationIsVisible = 0;
			defaultConfigurationName = Release;
		};
		6BF60D152DF94E1C0034FC02 /* Build configuration list for PBXNativeTarget "CDSampleTests" */ = {
			isa = XCConfigurationList;
			buildConfigurations = (
				6BF60D162DF94E1C0034FC02 /* Debug */,
				6BF60D172DF94E1C0034FC02 /* Release */,
			);
			defaultConfigurationIsVisible = 0;
			defaultConfigurationName = Release;
		};
		6BF60D182DF94E1C0034FC02 /* Build configuration list for PBXNativeTarget "CDSampleUITests" */ = {
			isa = XCConfigurationList;
			buildConfigurations = (
				6BF60D192DF94E1C0034FC02 /* Debug */,
				6BF60D1A2DF94E1C0034FC02 /* Release */,
			);
			defaultConfigurationIsVisible = 0;
			defaultConfigurationName = Release;
		};
/* End XCConfigurationList section */
	};
	rootObject = 6BF60CE92DF94E1A0034FC02 /* Project object */;
}
